
Microsoft Visual Studio Solution File, Format Version 12.00
# Visual Studio Version 16
VisualStudioVersion = 16.0.32901.82
MinimumVisualStudioVersion = 10.0.40219.1
Project("{FAE04EC0-301F-11D3-BF4B-00C04F79EFBC}") = "CakeShop", "CakeShop.csproj", "{0B15A0C5-40A3-499E-9E4B-3C311FFFC9D8}"
EndProject
Global
	GlobalSection(SolutionConfigurationPlatforms) = preSolution
		Debug|Any CPU = Debug|Any CPU
		Release|Any CPU = Release|Any CPU
	EndGlobalSection
	GlobalSection(ProjectConfigurationPlatforms) = postSolution
		{0B15A0C5-40A3-499E-9E4B-3C311FFFC9D8}.Debug|Any CPU.ActiveCfg = Debug|Any CPU
		{0B15A0C5-40A3-499E-9E4B-3C311FFFC9D8}.Debug|Any CPU.Build.0 = Debug|Any CPU
		{0B15A0C5-40A3-499E-9E4B-3C311FFFC9D8}.Release|Any CPU.ActiveCfg = Release|Any CPU
		{0B15A0C5-40A3-499E-9E4B-3C311FFFC9D8}.Release|Any CPU.Build.0 = Release|Any CPU
	EndGlobalSection
	GlobalSection(SolutionProperties) = preSolution
		HideSolutionNode = FALSE
	EndGlobalSection
	GlobalSection(ExtensibilityGlobals) = postSolution
		SolutionGuid = {CABB5BA5-E3FA-4844-BE37-730AA6793FF8}
	EndGlobalSection
EndGlobal
